
Microsoft Visual Studio Solution File, Format Version 12.00
# Visual Studio Version 17
VisualStudioVersion = 17.0.31903.59
MinimumVisualStudioVersion = 10.0.40219.1
Project("{FAE04EC0-301F-11D3-BF4B-00C04F79EFBC}") = "API", "API\API.csproj", "{BE6F222A-BEA8-42FE-B10D-6F25A3CCE917}"
EndProject
Project("{FAE04EC0-301F-11D3-BF4B-00C04F79EFBC}") = "Application", "Application\Application.csproj", "{F4A0EDB7-ACC6-497B-BA01-4F9AAC4CBDCA}"
EndProject
Project("{FAE04EC0-301F-11D3-BF4B-00C04F79EFBC}") = "Domain", "Domain\Domain.csproj", "{ED12BE23-BD0C-4851-B4FE-5D3986FA9CDD}"
EndProject
Project("{FAE04EC0-301F-11D3-BF4B-00C04F79EFBC}") = "Persistence", "Persistence\Persistence.csproj", "{2F7B7511-AB67-4A49-99DB-DF0F43B1E689}"
EndProject
Global
	GlobalSection(SolutionConfigurationPlatforms) = preSolution
		Debug|Any CPU = Debug|Any CPU
		Release|Any CPU = Release|Any CPU
	EndGlobalSection
	GlobalSection(SolutionProperties) = preSolution
		HideSolutionNode = FALSE
	EndGlobalSection
	GlobalSection(ProjectConfigurationPlatforms) = postSolution
		{BE6F222A-BEA8-42FE-B10D-6F25A3CCE917}.Debug|Any CPU.ActiveCfg = Debug|Any CPU
		{BE6F222A-BEA8-42FE-B10D-6F25A3CCE917}.Debug|Any CPU.Build.0 = Debug|Any CPU
		{BE6F222A-BEA8-42FE-B10D-6F25A3CCE917}.Release|Any CPU.ActiveCfg = Release|Any CPU
		{BE6F222A-BEA8-42FE-B10D-6F25A3CCE917}.Release|Any CPU.Build.0 = Release|Any CPU
		{F4A0EDB7-ACC6-497B-BA01-4F9AAC4CBDCA}.Debug|Any CPU.ActiveCfg = Debug|Any CPU
		{F4A0EDB7-ACC6-497B-BA01-4F9AAC4CBDCA}.Debug|Any CPU.Build.0 = Debug|Any CPU
		{F4A0EDB7-ACC6-497B-BA01-4F9AAC4CBDCA}.Release|Any CPU.ActiveCfg = Release|Any CPU
		{F4A0EDB7-ACC6-497B-BA01-4F9AAC4CBDCA}.Release|Any CPU.Build.0 = Release|Any CPU
		{ED12BE23-BD0C-4851-B4FE-5D3986FA9CDD}.Debug|Any CPU.ActiveCfg = Debug|Any CPU
		{ED12BE23-BD0C-4851-B4FE-5D3986FA9CDD}.Debug|Any CPU.Build.0 = Debug|Any CPU
		{ED12BE23-BD0C-4851-B4FE-5D3986FA9CDD}.Release|Any CPU.ActiveCfg = Release|Any CPU
		{ED12BE23-BD0C-4851-B4FE-5D3986FA9CDD}.Release|Any CPU.Build.0 = Release|Any CPU
		{2F7B7511-AB67-4A49-99DB-DF0F43B1E689}.Debug|Any CPU.ActiveCfg = Debug|Any CPU
		{2F7B7511-AB67-4A49-99DB-DF0F43B1E689}.Debug|Any CPU.Build.0 = Debug|Any CPU
		{2F7B7511-AB67-4A49-99DB-DF0F43B1E689}.Release|Any CPU.ActiveCfg = Release|Any CPU
		{2F7B7511-AB67-4A49-99DB-DF0F43B1E689}.Release|Any CPU.Build.0 = Release|Any CPU
	EndGlobalSection
EndGlobal
